
Microsoft Visual Studio Solution File, Format Version 12.00
# Visual Studio 14
VisualStudioVersion = 14.0.23107.0
MinimumVisualStudioVersion = 10.0.40219.1
Project("{FAE04EC0-301F-11D3-BF4B-00C04F79EFBC}") = "GroceryCheckOutSystem.Console", "GroceryCheckOutSystem.Console.csproj", "{0FC97F8A-6EE9-444F-89AF-0F848F88571D}"
EndProject
Project("{FAE04EC0-301F-11D3-BF4B-00C04F79EFBC}") = "BusinessProcess", "..\..\Common\BusinessProcess\BusinessProcess.csproj", "{2D92CD69-9D7B-4B02-AC0C-5D9C9B82F5A2}"
EndProject
Project("{FAE04EC0-301F-11D3-BF4B-00C04F79EFBC}") = "Entity", "..\..\Common\Entity\Entity.csproj", "{C79C10D3-3CF6-4E5D-9926-E9209FA7C54C}"
EndProject
Project("{FAE04EC0-301F-11D3-BF4B-00C04F79EFBC}") = "Utility", "..\..\Common\Utility\Utility.csproj", "{F5DE2672-E89A-4779-BE86-78CF8B840966}"
EndProject
Project("{FAE04EC0-301F-11D3-BF4B-00C04F79EFBC}") = "DataAccess", "..\..\Common\DataAccess\DataAccess.csproj", "{0DEED932-D535-4C76-AEAE-93189AB4306B}"
EndProject
Project("{FAE04EC0-301F-11D3-BF4B-00C04F79EFBC}") = "Logging", "..\..\Common\Logging\Logging.csproj", "{BC775EC4-F665-44A5-84C4-D6E24D70B831}"
EndProject
Global
	GlobalSection(SolutionConfigurationPlatforms) = preSolution
		Debug|Any CPU = Debug|Any CPU
		Release|Any CPU = Release|Any CPU
	EndGlobalSection
	GlobalSection(ProjectConfigurationPlatforms) = postSolution
		{0FC97F8A-6EE9-444F-89AF-0F848F88571D}.Debug|Any CPU.ActiveCfg = Debug|Any CPU
		{0FC97F8A-6EE9-444F-89AF-0F848F88571D}.Debug|Any CPU.Build.0 = Debug|Any CPU
		{0FC97F8A-6EE9-444F-89AF-0F848F88571D}.Release|Any CPU.ActiveCfg = Release|Any CPU
		{0FC97F8A-6EE9-444F-89AF-0F848F88571D}.Release|Any CPU.Build.0 = Release|Any CPU
		{2D92CD69-9D7B-4B02-AC0C-5D9C9B82F5A2}.Debug|Any CPU.ActiveCfg = Debug|Any CPU
		{2D92CD69-9D7B-4B02-AC0C-5D9C9B82F5A2}.Debug|Any CPU.Build.0 = Debug|Any CPU
		{2D92CD69-9D7B-4B02-AC0C-5D9C9B82F5A2}.Release|Any CPU.ActiveCfg = Release|Any CPU
		{2D92CD69-9D7B-4B02-AC0C-5D9C9B82F5A2}.Release|Any CPU.Build.0 = Release|Any CPU
		{C79C10D3-3CF6-4E5D-9926-E9209FA7C54C}.Debug|Any CPU.ActiveCfg = Debug|Any CPU
		{C79C10D3-3CF6-4E5D-9926-E9209FA7C54C}.Debug|Any CPU.Build.0 = Debug|Any CPU
		{C79C10D3-3CF6-4E5D-9926-E9209FA7C54C}.Release|Any CPU.ActiveCfg = Release|Any CPU
		{C79C10D3-3CF6-4E5D-9926-E9209FA7C54C}.Release|Any CPU.Build.0 = Release|Any CPU
		{F5DE2672-E89A-4779-BE86-78CF8B840966}.Debug|Any CPU.ActiveCfg = Debug|Any CPU
		{F5DE2672-E89A-4779-BE86-78CF8B840966}.Debug|Any CPU.Build.0 = Debug|Any CPU
		{F5DE2672-E89A-4779-BE86-78CF8B840966}.Release|Any CPU.ActiveCfg = Release|Any CPU
		{F5DE2672-E89A-4779-BE86-78CF8B840966}.Release|Any CPU.Build.0 = Release|Any CPU
		{0DEED932-D535-4C76-AEAE-93189AB4306B}.Debug|Any CPU.ActiveCfg = Debug|Any CPU
		{0DEED932-D535-4C76-AEAE-93189AB4306B}.Debug|Any CPU.Build.0 = Debug|Any CPU
		{0DEED932-D535-4C76-AEAE-93189AB4306B}.Release|Any CPU.ActiveCfg = Release|Any CPU
		{0DEED932-D535-4C76-AEAE-93189AB4306B}.Release|Any CPU.Build.0 = Release|Any CPU
		{BC775EC4-F665-44A5-84C4-D6E24D70B831}.Debug|Any CPU.ActiveCfg = Debug|Any CPU
		{BC775EC4-F665-44A5-84C4-D6E24D70B831}.Debug|Any CPU.Build.0 = Debug|Any CPU
		{BC775EC4-F665-44A5-84C4-D6E24D70B831}.Release|Any CPU.ActiveCfg = Release|Any CPU
		{BC775EC4-F665-44A5-84C4-D6E24D70B831}.Release|Any CPU.Build.0 = Release|Any CPU
	EndGlobalSection
	GlobalSection(SolutionProperties) = preSolution
		HideSolutionNode = FALSE
	EndGlobalSection
EndGlobal
