
Microsoft Visual Studio Solution File, Format Version 12.00
# Visual Studio Express 2012 for Windows Desktop
Project("{FAE04EC0-301F-11D3-BF4B-00C04F79EFBC}") = "Logging", "Logging.csproj", "{19AFBD24-B811-44E4-836C-4CB0708ADEEC}"
EndProject
Project("{FAE04EC0-301F-11D3-BF4B-00C04F79EFBC}") = "TestLogging", "TestLogging\TestLogging.csproj", "{D240FEFD-06C0-4A60-80DA-8FA00A5C84F6}"
EndProject
Global
	GlobalSection(SolutionConfigurationPlatforms) = preSolution
		Debug|Any CPU = Debug|Any CPU
		Release|Any CPU = Release|Any CPU
	EndGlobalSection
	GlobalSection(ProjectConfigurationPlatforms) = postSolution
		{19AFBD24-B811-44E4-836C-4CB0708ADEEC}.Debug|Any CPU.ActiveCfg = Debug|Any CPU
		{19AFBD24-B811-44E4-836C-4CB0708ADEEC}.Debug|Any CPU.Build.0 = Debug|Any CPU
		{19AFBD24-B811-44E4-836C-4CB0708ADEEC}.Release|Any CPU.ActiveCfg = Release|Any CPU
		{19AFBD24-B811-44E4-836C-4CB0708ADEEC}.Release|Any CPU.Build.0 = Release|Any CPU
		{D240FEFD-06C0-4A60-80DA-8FA00A5C84F6}.Debug|Any CPU.ActiveCfg = Debug|Any CPU
		{D240FEFD-06C0-4A60-80DA-8FA00A5C84F6}.Debug|Any CPU.Build.0 = Debug|Any CPU
		{D240FEFD-06C0-4A60-80DA-8FA00A5C84F6}.Release|Any CPU.ActiveCfg = Release|Any CPU
		{D240FEFD-06C0-4A60-80DA-8FA00A5C84F6}.Release|Any CPU.Build.0 = Release|Any CPU
	EndGlobalSection
	GlobalSection(SolutionProperties) = preSolution
		HideSolutionNode = FALSE
	EndGlobalSection
	GlobalSection(SourceCodeControl) = preSolution
		SccNumberOfProjects = 3
		SccProjectUniqueName0 = Logging.csproj
		SccProjectName0 = Perforce\u0020Project
		SccLocalPath0 = .
		SccProvider0 = MSSCCI:Perforce\u0020SCM
		CanCheckoutShared = true
		SccProjectUniqueName1 = ..\\Entity.Constants\\Entity.Constants.csproj
		SccProjectName1 = Perforce\u0020Project
		SccLocalPath1 = ..\\Entity.Constants
		SccProvider1 = MSSCCI:Perforce\u0020SCM
		SccProjectUniqueName2 = ..\\Entity.ErrorCode\\Entity.ErrorCode.csproj
		SccProjectName2 = Perforce\u0020Project
		SccLocalPath2 = ..\\Entity.ErrorCode
		SccProvider2 = MSSCCI:Perforce\u0020SCM
	EndGlobalSection
EndGlobal
